
Microsoft Visual Studio Solution File, Format Version 12.00
# Visual Studio 15
VisualStudioVersion = 15.0.27428.2005
MinimumVisualStudioVersion = 10.0.40219.1
Project("{f2a71f9b-5d33-465a-a702-920d77279786}") = "MyEventGenerator", "MyEventGenerator\MyEventGenerator.fsproj", "{B402B169-E64F-4DA3-B182-844150CF63BD}"
EndProject
Global
	GlobalSection(SolutionConfigurationPlatforms) = preSolution
		Debug|Any CPU = Debug|Any CPU
		Release|Any CPU = Release|Any CPU
	EndGlobalSection
	GlobalSection(ProjectConfigurationPlatforms) = postSolution
		{B402B169-E64F-4DA3-B182-844150CF63BD}.Debug|Any CPU.ActiveCfg = Debug|Any CPU
		{B402B169-E64F-4DA3-B182-844150CF63BD}.Debug|Any CPU.Build.0 = Debug|Any CPU
		{B402B169-E64F-4DA3-B182-844150CF63BD}.Release|Any CPU.ActiveCfg = Release|Any CPU
		{B402B169-E64F-4DA3-B182-844150CF63BD}.Release|Any CPU.Build.0 = Release|Any CPU
	EndGlobalSection
	GlobalSection(SolutionProperties) = preSolution
		HideSolutionNode = FALSE
	EndGlobalSection
	GlobalSection(ExtensibilityGlobals) = postSolution
		SolutionGuid = {E0771312-9391-43A3-8693-3EC10924D9DC}
	EndGlobalSection
EndGlobal
